
Microsoft Visual Studio Solution File, Format Version 12.00
# Visual Studio Version 16
VisualStudioVersion = 16.0.29025.244
MinimumVisualStudioVersion = 10.0.40219.1
Project("{8BC9CEB8-8B4A-11D0-8D11-00A0C91BC942}") = "hello", "Src\1\hello.vcxproj", "{43D73580-3879-413A-96CC-480462762DDD}"
EndProject
Global
	GlobalSection(SolutionConfigurationPlatforms) = preSolution
		Debug|x64 = Debug|x64
		Debug|x86 = Debug|x86
		Release|x64 = Release|x64
		Release|x86 = Release|x86
	EndGlobalSection
	GlobalSection(ProjectConfigurationPlatforms) = postSolution
		{43D73580-3879-413A-96CC-480462762DDD}.Debug|x64.ActiveCfg = Debug|x64
		{43D73580-3879-413A-96CC-480462762DDD}.Debug|x64.Build.0 = Debug|x64
		{43D73580-3879-413A-96CC-480462762DDD}.Debug|x86.ActiveCfg = Debug|Win32
		{43D73580-3879-413A-96CC-480462762DDD}.Debug|x86.Build.0 = Debug|Win32
		{43D73580-3879-413A-96CC-480462762DDD}.Release|x64.ActiveCfg = Release|x64
		{43D73580-3879-413A-96CC-480462762DDD}.Release|x64.Build.0 = Release|x64
		{43D73580-3879-413A-96CC-480462762DDD}.Release|x86.ActiveCfg = Release|Win32
		{43D73580-3879-413A-96CC-480462762DDD}.Release|x86.Build.0 = Release|Win32
	EndGlobalSection
	GlobalSection(SolutionProperties) = preSolution
		HideSolutionNode = FALSE
	EndGlobalSection
	GlobalSection(ExtensibilityGlobals) = postSolution
		SolutionGuid = {B79E6973-35BB-4F16-A40D-3D6D3C7CC3E3}
	EndGlobalSection
EndGlobal
