
Microsoft Visual Studio Solution File, Format Version 12.00
# Visual Studio Version 16
VisualStudioVersion = 16.0.29025.244
MinimumVisualStudioVersion = 10.0.40219.1
Project("{888888A0-9F3D-457C-B088-3A5042F75D52}") = "190704", "190704.pyproj", "{FD7F3E8E-9488-4E2B-9C01-39D80AB18E2F}"
EndProject
Global
	GlobalSection(SolutionConfigurationPlatforms) = preSolution
		Debug|Any CPU = Debug|Any CPU
		Release|Any CPU = Release|Any CPU
	EndGlobalSection
	GlobalSection(ProjectConfigurationPlatforms) = postSolution
		{FD7F3E8E-9488-4E2B-9C01-39D80AB18E2F}.Debug|Any CPU.ActiveCfg = Debug|Any CPU
		{FD7F3E8E-9488-4E2B-9C01-39D80AB18E2F}.Release|Any CPU.ActiveCfg = Release|Any CPU
	EndGlobalSection
	GlobalSection(SolutionProperties) = preSolution
		HideSolutionNode = FALSE
	EndGlobalSection
	GlobalSection(ExtensibilityGlobals) = postSolution
		SolutionGuid = {CC7C4504-D520-4552-AF5F-0D17FE039BEC}
	EndGlobalSection
EndGlobal
