
Microsoft Visual Studio Solution File, Format Version 12.00
# Visual Studio Version 16
VisualStudioVersion = 16.0.29123.88
MinimumVisualStudioVersion = 10.0.40219.1
Project("{8BC9CEB8-8B4A-11D0-8D11-00A0C91BC942}") = "Quick_Sort1", "Src\Quick_Sort1\Quick_Sort.vcxproj", "{DCE7BCA1-1F00-4479-B4A0-D76E074AEE7A}"
EndProject
Project("{8BC9CEB8-8B4A-11D0-8D11-00A0C91BC942}") = "Quick_Sort2", "Src\Quick_Sort2\Quick_Sort2.vcxproj", "{F74A79E0-F033-48CD-9501-0EE078844767}"
EndProject
Global
	GlobalSection(SolutionConfigurationPlatforms) = preSolution
		Debug|x64 = Debug|x64
		Debug|x86 = Debug|x86
		Release|x64 = Release|x64
		Release|x86 = Release|x86
	EndGlobalSection
	GlobalSection(ProjectConfigurationPlatforms) = postSolution
		{DCE7BCA1-1F00-4479-B4A0-D76E074AEE7A}.Debug|x64.ActiveCfg = Debug|x64
		{DCE7BCA1-1F00-4479-B4A0-D76E074AEE7A}.Debug|x64.Build.0 = Debug|x64
		{DCE7BCA1-1F00-4479-B4A0-D76E074AEE7A}.Debug|x86.ActiveCfg = Debug|Win32
		{DCE7BCA1-1F00-4479-B4A0-D76E074AEE7A}.Debug|x86.Build.0 = Debug|Win32
		{DCE7BCA1-1F00-4479-B4A0-D76E074AEE7A}.Release|x64.ActiveCfg = Release|x64
		{DCE7BCA1-1F00-4479-B4A0-D76E074AEE7A}.Release|x64.Build.0 = Release|x64
		{DCE7BCA1-1F00-4479-B4A0-D76E074AEE7A}.Release|x86.ActiveCfg = Release|Win32
		{DCE7BCA1-1F00-4479-B4A0-D76E074AEE7A}.Release|x86.Build.0 = Release|Win32
		{F74A79E0-F033-48CD-9501-0EE078844767}.Debug|x64.ActiveCfg = Debug|x64
		{F74A79E0-F033-48CD-9501-0EE078844767}.Debug|x64.Build.0 = Debug|x64
		{F74A79E0-F033-48CD-9501-0EE078844767}.Debug|x86.ActiveCfg = Debug|Win32
		{F74A79E0-F033-48CD-9501-0EE078844767}.Debug|x86.Build.0 = Debug|Win32
		{F74A79E0-F033-48CD-9501-0EE078844767}.Release|x64.ActiveCfg = Release|x64
		{F74A79E0-F033-48CD-9501-0EE078844767}.Release|x64.Build.0 = Release|x64
		{F74A79E0-F033-48CD-9501-0EE078844767}.Release|x86.ActiveCfg = Release|Win32
		{F74A79E0-F033-48CD-9501-0EE078844767}.Release|x86.Build.0 = Release|Win32
	EndGlobalSection
	GlobalSection(SolutionProperties) = preSolution
		HideSolutionNode = FALSE
	EndGlobalSection
	GlobalSection(ExtensibilityGlobals) = postSolution
		SolutionGuid = {A6393D49-FA05-45B6-AEE0-AE67682762AA}
	EndGlobalSection
EndGlobal
